
Microsoft Visual Studio Solution File, Format Version 12.00
# Visual Studio Version 17
VisualStudioVersion = 17.9.34701.34
MinimumVisualStudioVersion = 10.0.40219.1
Project("{FAE04EC0-301F-11D3-BF4B-00C04F79EFBC}") = "SaveHere", "SaveHere\SaveHere\SaveHere.csproj", "{FB2A8A0A-F220-4FDA-B73D-2D4B1E443B1B}"
EndProject
Project("{FAE04EC0-301F-11D3-BF4B-00C04F79EFBC}") = "SaveHere.Client", "SaveHere\SaveHere.Client\SaveHere.Client.csproj", "{B0846B14-E1A1-4EED-845F-9017D663082C}"
EndProject
Project("{E53339B2-1760-4266-BCC7-CA923CBCF16C}") = "docker-compose", "docker-compose.dcproj", "{81DDED9D-158B-E303-5F62-77A2896D2A5A}"
EndProject
Project("{FAE04EC0-301F-11D3-BF4B-00C04F79EFBC}") = "SaveHere.Tests", "SaveHere\SaveHere.Tests\SaveHere.Tests.csproj", "{FD5A545F-9373-D7D8-99F1-7FD979B747C7}"
EndProject
Global
	GlobalSection(SolutionConfigurationPlatforms) = preSolution
		Debug|Any CPU = Debug|Any CPU
		Release|Any CPU = Release|Any CPU
	EndGlobalSection
	GlobalSection(ProjectConfigurationPlatforms) = postSolution
		{FB2A8A0A-F220-4FDA-B73D-2D4B1E443B1B}.Debug|Any CPU.ActiveCfg = Debug|Any CPU
		{FB2A8A0A-F220-4FDA-B73D-2D4B1E443B1B}.Debug|Any CPU.Build.0 = Debug|Any CPU
		{FB2A8A0A-F220-4FDA-B73D-2D4B1E443B1B}.Release|Any CPU.ActiveCfg = Release|Any CPU
		{FB2A8A0A-F220-4FDA-B73D-2D4B1E443B1B}.Release|Any CPU.Build.0 = Release|Any CPU
		{B0846B14-E1A1-4EED-845F-9017D663082C}.Debug|Any CPU.ActiveCfg = Debug|Any CPU
		{B0846B14-E1A1-4EED-845F-9017D663082C}.Debug|Any CPU.Build.0 = Debug|Any CPU
		{B0846B14-E1A1-4EED-845F-9017D663082C}.Release|Any CPU.ActiveCfg = Release|Any CPU
		{B0846B14-E1A1-4EED-845F-9017D663082C}.Release|Any CPU.Build.0 = Release|Any CPU
		{81DDED9D-158B-E303-5F62-77A2896D2A5A}.Debug|Any CPU.ActiveCfg = Debug|Any CPU
		{81DDED9D-158B-E303-5F62-77A2896D2A5A}.Debug|Any CPU.Build.0 = Debug|Any CPU
		{81DDED9D-158B-E303-5F62-77A2896D2A5A}.Release|Any CPU.ActiveCfg = Release|Any CPU
		{81DDED9D-158B-E303-5F62-77A2896D2A5A}.Release|Any CPU.Build.0 = Release|Any CPU
		{FD5A545F-9373-D7D8-99F1-7FD979B747C7}.Debug|Any CPU.ActiveCfg = Debug|Any CPU
		{FD5A545F-9373-D7D8-99F1-7FD979B747C7}.Debug|Any CPU.Build.0 = Debug|Any CPU
		{FD5A545F-9373-D7D8-99F1-7FD979B747C7}.Release|Any CPU.ActiveCfg = Release|Any CPU
		{FD5A545F-9373-D7D8-99F1-7FD979B747C7}.Release|Any CPU.Build.0 = Release|Any CPU
	EndGlobalSection
	GlobalSection(SolutionProperties) = preSolution
		HideSolutionNode = FALSE
	EndGlobalSection
	GlobalSection(ExtensibilityGlobals) = postSolution
		SolutionGuid = {AE836F12-89EC-4D3A-92F6-4983193D7A29}
	EndGlobalSection
EndGlobal
